
Microsoft Visual Studio Solution File, Format Version 11.00
# Visual Studio 2010
Project("{FAE04EC0-301F-11D3-BF4B-00C04F79EFBC}") = "Virtual Pacman", "Assembly-CSharp.csproj", "{200AE957-F4A0-D640-FF9A-B586E9B6DE8A}"
EndProject
Project("{FAE04EC0-301F-11D3-BF4B-00C04F79EFBC}") = "Virtual Pacman", "Assembly-CSharp-Editor.csproj", "{FA6DD311-87BE-C4B9-396F-34E39EB46767}"
EndProject
Global
	GlobalSection(SolutionConfigurationPlatforms) = preSolution
		Debug|Any CPU = Debug|Any CPU
		Release|Any CPU = Release|Any CPU
	EndGlobalSection
	GlobalSection(ProjectConfigurationPlatforms) = postSolution
		{200AE957-F4A0-D640-FF9A-B586E9B6DE8A}.Debug|Any CPU.ActiveCfg = Debug|Any CPU
		{200AE957-F4A0-D640-FF9A-B586E9B6DE8A}.Debug|Any CPU.Build.0 = Debug|Any CPU
		{200AE957-F4A0-D640-FF9A-B586E9B6DE8A}.Release|Any CPU.ActiveCfg = Release|Any CPU
		{200AE957-F4A0-D640-FF9A-B586E9B6DE8A}.Release|Any CPU.Build.0 = Release|Any CPU
		{FA6DD311-87BE-C4B9-396F-34E39EB46767}.Debug|Any CPU.ActiveCfg = Debug|Any CPU
		{FA6DD311-87BE-C4B9-396F-34E39EB46767}.Debug|Any CPU.Build.0 = Debug|Any CPU
		{FA6DD311-87BE-C4B9-396F-34E39EB46767}.Release|Any CPU.ActiveCfg = Release|Any CPU
		{FA6DD311-87BE-C4B9-396F-34E39EB46767}.Release|Any CPU.Build.0 = Release|Any CPU
	EndGlobalSection
	GlobalSection(SolutionProperties) = preSolution
		HideSolutionNode = FALSE
	EndGlobalSection
	GlobalSection(MonoDevelopProperties) = preSolution
		StartupItem = Assembly-CSharp.csproj
	EndGlobalSection
EndGlobal
